
Microsoft Visual Studio Solution File, Format Version 12.00
# Visual Studio Version 17
VisualStudioVersion = 17.0.31903.59
MinimumVisualStudioVersion = 10.0.40219.1
Project("{FAE04EC0-301F-11D3-BF4B-00C04F79EFBC}") = "API", "API\API.csproj", "{4A3EC8A4-2D7E-46C7-B626-1A7FC8EA2B88}"
EndProject
Project("{FAE04EC0-301F-11D3-BF4B-00C04F79EFBC}") = "Core", "Core\Core.csproj", "{A52ACA7A-CDC7-4277-8177-8411CBBB5BC9}"
EndProject
Project("{FAE04EC0-301F-11D3-BF4B-00C04F79EFBC}") = "Infrastructure", "Infrastructure\Infrastructure.csproj", "{0089F745-5DB0-4CD4-B9E3-9CAFE72A0850}"
EndProject
Global
	GlobalSection(SolutionConfigurationPlatforms) = preSolution
		Debug|Any CPU = Debug|Any CPU
		Release|Any CPU = Release|Any CPU
	EndGlobalSection
	GlobalSection(SolutionProperties) = preSolution
		HideSolutionNode = FALSE
	EndGlobalSection
	GlobalSection(ProjectConfigurationPlatforms) = postSolution
		{4A3EC8A4-2D7E-46C7-B626-1A7FC8EA2B88}.Debug|Any CPU.ActiveCfg = Debug|Any CPU
		{4A3EC8A4-2D7E-46C7-B626-1A7FC8EA2B88}.Debug|Any CPU.Build.0 = Debug|Any CPU
		{4A3EC8A4-2D7E-46C7-B626-1A7FC8EA2B88}.Release|Any CPU.ActiveCfg = Release|Any CPU
		{4A3EC8A4-2D7E-46C7-B626-1A7FC8EA2B88}.Release|Any CPU.Build.0 = Release|Any CPU
		{A52ACA7A-CDC7-4277-8177-8411CBBB5BC9}.Debug|Any CPU.ActiveCfg = Debug|Any CPU
		{A52ACA7A-CDC7-4277-8177-8411CBBB5BC9}.Debug|Any CPU.Build.0 = Debug|Any CPU
		{A52ACA7A-CDC7-4277-8177-8411CBBB5BC9}.Release|Any CPU.ActiveCfg = Release|Any CPU
		{A52ACA7A-CDC7-4277-8177-8411CBBB5BC9}.Release|Any CPU.Build.0 = Release|Any CPU
		{0089F745-5DB0-4CD4-B9E3-9CAFE72A0850}.Debug|Any CPU.ActiveCfg = Debug|Any CPU
		{0089F745-5DB0-4CD4-B9E3-9CAFE72A0850}.Debug|Any CPU.Build.0 = Debug|Any CPU
		{0089F745-5DB0-4CD4-B9E3-9CAFE72A0850}.Release|Any CPU.ActiveCfg = Release|Any CPU
		{0089F745-5DB0-4CD4-B9E3-9CAFE72A0850}.Release|Any CPU.Build.0 = Release|Any CPU
	EndGlobalSection
EndGlobal
